{
  "name": "slack-bot",
  "lockfileVersion": 3,
  "requires": true,
  "packages": {
    "": {
      "dependencies": {
        "vibelogger": "^0.1.0"
      }
    },
    "node_modules/vibelogger": {
      "version": "0.1.0",
      "resolved": "https://registry.npmjs.org/vibelogger/-/vibelogger-0.1.0.tgz",
      "integrity": "sha512-3i0sHtBHBq1Ay/xHhhz0vjLZ/uiJpXxLR1I/cLPgStGdfEBogMKx9pha3WTXVA9nA53pBy6VLk39mVfTszrbKg==",
      "license": "MIT",
      "engines": {
        "node": ">=18.0.0"
      }
    }
  }
}
